
Microsoft Visual Studio Solution File, Format Version 12.00
# Visual Studio 14
VisualStudioVersion = 14.0.25420.1
MinimumVisualStudioVersion = 10.0.40219.1
Project("{FAE04EC0-301F-11D3-BF4B-00C04F79EFBC}") = "Leetcode", "Leetcode\Leetcode.csproj", "{D3845452-97E3-403B-A1AD-01A9EC68F005}"
EndProject
Project("{FAE04EC0-301F-11D3-BF4B-00C04F79EFBC}") = "TestLeetcode", "TestLeetcode\TestLeetcode.csproj", "{33BB1B50-D515-4864-93BE-13E4933FB2F7}"
EndProject
Global
	GlobalSection(SolutionConfigurationPlatforms) = preSolution
		Debug|Any CPU = Debug|Any CPU
		Release|Any CPU = Release|Any CPU
	EndGlobalSection
	GlobalSection(ProjectConfigurationPlatforms) = postSolution
		{D3845452-97E3-403B-A1AD-01A9EC68F005}.Debug|Any CPU.ActiveCfg = Debug|Any CPU
		{D3845452-97E3-403B-A1AD-01A9EC68F005}.Debug|Any CPU.Build.0 = Debug|Any CPU
		{D3845452-97E3-403B-A1AD-01A9EC68F005}.Release|Any CPU.ActiveCfg = Release|Any CPU
		{D3845452-97E3-403B-A1AD-01A9EC68F005}.Release|Any CPU.Build.0 = Release|Any CPU
		{33BB1B50-D515-4864-93BE-13E4933FB2F7}.Debug|Any CPU.ActiveCfg = Debug|Any CPU
		{33BB1B50-D515-4864-93BE-13E4933FB2F7}.Debug|Any CPU.Build.0 = Debug|Any CPU
		{33BB1B50-D515-4864-93BE-13E4933FB2F7}.Release|Any CPU.ActiveCfg = Release|Any CPU
		{33BB1B50-D515-4864-93BE-13E4933FB2F7}.Release|Any CPU.Build.0 = Release|Any CPU
	EndGlobalSection
	GlobalSection(SolutionProperties) = preSolution
		HideSolutionNode = FALSE
	EndGlobalSection
EndGlobal
